
Microsoft Visual Studio Solution File, Format Version 12.00
# Visual Studio 15
VisualStudioVersion = 15.0.28307.168
MinimumVisualStudioVersion = 10.0.40219.1
Project("{FAE04EC0-301F-11D3-BF4B-00C04F79EFBC}") = "DatabaseAndSourceControl", "DatabaseAndSourceControl\DatabaseAndSourceControl.csproj", "{21141BDE-1184-45CD-926A-4F0DE13972F0}"
EndProject
Global
	GlobalSection(SolutionConfigurationPlatforms) = preSolution
		Debug|Any CPU = Debug|Any CPU
		Release|Any CPU = Release|Any CPU
	EndGlobalSection
	GlobalSection(ProjectConfigurationPlatforms) = postSolution
		{21141BDE-1184-45CD-926A-4F0DE13972F0}.Debug|Any CPU.ActiveCfg = Debug|Any CPU
		{21141BDE-1184-45CD-926A-4F0DE13972F0}.Debug|Any CPU.Build.0 = Debug|Any CPU
		{21141BDE-1184-45CD-926A-4F0DE13972F0}.Release|Any CPU.ActiveCfg = Release|Any CPU
		{21141BDE-1184-45CD-926A-4F0DE13972F0}.Release|Any CPU.Build.0 = Release|Any CPU
	EndGlobalSection
	GlobalSection(SolutionProperties) = preSolution
		HideSolutionNode = FALSE
	EndGlobalSection
	GlobalSection(ExtensibilityGlobals) = postSolution
		SolutionGuid = {935697D9-4583-413F-8461-ED5D5A95E5EB}
	EndGlobalSection
EndGlobal
